Microsoft Visual Studio Solution File, Format Version 12.00
# Visual Studio Version 17
VisualStudioVersion = 17.5.2.0
MinimumVisualStudioVersion = 10.0.40219.1
Project("{FAE04EC0-301F-11D3-BF4B-00C04F79EFBC}") = "who_admin", "who_admin.csproj", "{3FE82082-DE1F-0D45-6878-4D2BDAE7C5A1}"
EndProject
Global
	GlobalSection(SolutionConfigurationPlatforms) = preSolution
		Debug|Any CPU = Debug|Any CPU
		Release|Any CPU = Release|Any CPU
	EndGlobalSection
	GlobalSection(ProjectConfigurationPlatforms) = postSolution
		{3FE82082-DE1F-0D45-6878-4D2BDAE7C5A1}.Debug|Any CPU.ActiveCfg = Debug|Any CPU
		{3FE82082-DE1F-0D45-6878-4D2BDAE7C5A1}.Debug|Any CPU.Build.0 = Debug|Any CPU
		{3FE82082-DE1F-0D45-6878-4D2BDAE7C5A1}.Release|Any CPU.ActiveCfg = Release|Any CPU
		{3FE82082-DE1F-0D45-6878-4D2BDAE7C5A1}.Release|Any CPU.Build.0 = Release|Any CPU
	EndGlobalSection
	GlobalSection(SolutionProperties) = preSolution
		HideSolutionNode = FALSE
	EndGlobalSection
	GlobalSection(ExtensibilityGlobals) = postSolution
		SolutionGuid = {EA67D1FC-1483-4F47-BDAB-20DF7DDD8DF7}
	EndGlobalSection
EndGlobal
